
Microsoft Visual Studio Solution File, Format Version 12.00
# Visual Studio Version 16
VisualStudioVersion = 16.0.34114.132
MinimumVisualStudioVersion = 10.0.40219.1
Project("{FAE04EC0-301F-11D3-BF4B-00C04F79EFBC}") = "KidKinder", "KidKinder\KidKinder.csproj", "{8013E4FE-EAD7-4F53-9CE8-21986B94B8AC}"
EndProject
Global
	GlobalSection(SolutionConfigurationPlatforms) = preSolution
		Debug|Any CPU = Debug|Any CPU
		Release|Any CPU = Release|Any CPU
	EndGlobalSection
	GlobalSection(ProjectConfigurationPlatforms) = postSolution
		{8013E4FE-EAD7-4F53-9CE8-21986B94B8AC}.Debug|Any CPU.ActiveCfg = Debug|Any CPU
		{8013E4FE-EAD7-4F53-9CE8-21986B94B8AC}.Debug|Any CPU.Build.0 = Debug|Any CPU
		{8013E4FE-EAD7-4F53-9CE8-21986B94B8AC}.Release|Any CPU.ActiveCfg = Release|Any CPU
		{8013E4FE-EAD7-4F53-9CE8-21986B94B8AC}.Release|Any CPU.Build.0 = Release|Any CPU
	EndGlobalSection
	GlobalSection(SolutionProperties) = preSolution
		HideSolutionNode = FALSE
	EndGlobalSection
	GlobalSection(ExtensibilityGlobals) = postSolution
		SolutionGuid = {08E01FD0-EA69-493F-B527-27068501E0B3}
	EndGlobalSection
EndGlobal
